
Microsoft Visual Studio Solution File, Format Version 12.00
# Visual Studio Version 17
VisualStudioVersion = 17.0.31903.59
MinimumVisualStudioVersion = 10.0.40219.1
Project("{2150E333-8FDC-42A3-9474-1A3956D46DE8}") = "src", "src", "{2BEC847B-FE6C-4198-9122-6A66C9BF2C80}"
EndProject
Project("{2150E333-8FDC-42A3-9474-1A3956D46DE8}") = "BuildingBlocks", "BuildingBlocks", "{B96A685F-666A-4231-B940-88C41212C7D6}"
EndProject
Project("{2150E333-8FDC-42A3-9474-1A3956D46DE8}") = "EventBus", "EventBus", "{677EA071-442F-4450-811D-D387C58707DB}"
EndProject
Project("{2150E333-8FDC-42A3-9474-1A3956D46DE8}") = "Services", "Services", "{EA2C817E-5403-4BFC-A934-8206F9FC2D3E}"
EndProject
Project("{2150E333-8FDC-42A3-9474-1A3956D46DE8}") = "Catalog", "Catalog", "{947E7B87-6B1C-46AA-AF6F-08B45CCDA4A7}"
EndProject
Project("{9A19103F-16F7-4668-BE54-9A1E7A4F7556}") = "Ecommerce.Catalog.Application", "src\Services\Catalog\Ecommerce.Catalog.Application\Ecommerce.Catalog.Application.csproj", "{C6A36401-7C45-4CC6-883A-21C85A344D39}"
EndProject
Project("{9A19103F-16F7-4668-BE54-9A1E7A4F7556}") = "Ecommerce.Catalog.Core", "src\Services\Catalog\Ecommerce.Catalog.Core\Ecommerce.Catalog.Core.csproj", "{F852D9E8-7E51-437C-BB6E-2191C3CBC919}"
EndProject
Project("{9A19103F-16F7-4668-BE54-9A1E7A4F7556}") = "Ecommerce.EventBus", "src\BuildingBlocks\EventBus\Ecommerce.EventBus\Ecommerce.EventBus.csproj", "{B76C7BD0-D5CA-4A94-AE07-6B0DE6594728}"
EndProject
Project("{9A19103F-16F7-4668-BE54-9A1E7A4F7556}") = "Ecommerce.Catalog.Infrastructure", "src\Services\Catalog\Ecommerce.Catalog.Infrastructure\Ecommerce.Catalog.Infrastructure.csproj", "{6D5E54E3-8953-4F5D-ABC9-52281B010E60}"
EndProject
Project("{9A19103F-16F7-4668-BE54-9A1E7A4F7556}") = "Ecommerce.EventBus.Azure", "src\BuildingBlocks\EventBus\Ecommerce.EventBus.Azure\Ecommerce.EventBus.Azure.csproj", "{2D0449C1-7DD3-49AA-834F-6E916A00B3FD}"
EndProject
Project("{FAE04EC0-301F-11D3-BF4B-00C04F79EFBC}") = "Ecommerce.Catalog.Api", "src\Services\Catalog\Ecommerce.Catalog.Api\Ecommerce.Catalog.Api.csproj", "{657D46EE-8EF8-44C4-9DA7-4382C82DC6F8}"
EndProject
Project("{2150E333-8FDC-42A3-9474-1A3956D46DE8}") = "Identity", "Identity", "{1398E7C7-39DA-4A7D-96B0-FDAECDA8CCAE}"
EndProject
Project("{FAE04EC0-301F-11D3-BF4B-00C04F79EFBC}") = "Ecommerce.Identity.Core", "src\Services\Identity\Ecommerce.Identity.Core\Ecommerce.Identity.Core.csproj", "{306B43AB-D960-47EB-9EFD-C38913744443}"
EndProject
Global
	GlobalSection(SolutionConfigurationPlatforms) = preSolution
		Debug|Any CPU = Debug|Any CPU
		Release|Any CPU = Release|Any CPU
	EndGlobalSection
	GlobalSection(ProjectConfigurationPlatforms) = postSolution
		{C6A36401-7C45-4CC6-883A-21C85A344D39}.Debug|Any CPU.ActiveCfg = Debug|Any CPU
		{C6A36401-7C45-4CC6-883A-21C85A344D39}.Debug|Any CPU.Build.0 = Debug|Any CPU
		{C6A36401-7C45-4CC6-883A-21C85A344D39}.Release|Any CPU.ActiveCfg = Release|Any CPU
		{C6A36401-7C45-4CC6-883A-21C85A344D39}.Release|Any CPU.Build.0 = Release|Any CPU
		{F852D9E8-7E51-437C-BB6E-2191C3CBC919}.Debug|Any CPU.ActiveCfg = Debug|Any CPU
		{F852D9E8-7E51-437C-BB6E-2191C3CBC919}.Debug|Any CPU.Build.0 = Debug|Any CPU
		{F852D9E8-7E51-437C-BB6E-2191C3CBC919}.Release|Any CPU.ActiveCfg = Release|Any CPU
		{F852D9E8-7E51-437C-BB6E-2191C3CBC919}.Release|Any CPU.Build.0 = Release|Any CPU
		{B76C7BD0-D5CA-4A94-AE07-6B0DE6594728}.Debug|Any CPU.ActiveCfg = Debug|Any CPU
		{B76C7BD0-D5CA-4A94-AE07-6B0DE6594728}.Debug|Any CPU.Build.0 = Debug|Any CPU
		{B76C7BD0-D5CA-4A94-AE07-6B0DE6594728}.Release|Any CPU.ActiveCfg = Release|Any CPU
		{B76C7BD0-D5CA-4A94-AE07-6B0DE6594728}.Release|Any CPU.Build.0 = Release|Any CPU
		{6D5E54E3-8953-4F5D-ABC9-52281B010E60}.Debug|Any CPU.ActiveCfg = Debug|Any CPU
		{6D5E54E3-8953-4F5D-ABC9-52281B010E60}.Debug|Any CPU.Build.0 = Debug|Any CPU
		{6D5E54E3-8953-4F5D-ABC9-52281B010E60}.Release|Any CPU.ActiveCfg = Release|Any CPU
		{6D5E54E3-8953-4F5D-ABC9-52281B010E60}.Release|Any CPU.Build.0 = Release|Any CPU
		{2D0449C1-7DD3-49AA-834F-6E916A00B3FD}.Debug|Any CPU.ActiveCfg = Debug|Any CPU
		{2D0449C1-7DD3-49AA-834F-6E916A00B3FD}.Debug|Any CPU.Build.0 = Debug|Any CPU
		{2D0449C1-7DD3-49AA-834F-6E916A00B3FD}.Release|Any CPU.ActiveCfg = Release|Any CPU
		{2D0449C1-7DD3-49AA-834F-6E916A00B3FD}.Release|Any CPU.Build.0 = Release|Any CPU
		{657D46EE-8EF8-44C4-9DA7-4382C82DC6F8}.Debug|Any CPU.ActiveCfg = Debug|Any CPU
		{657D46EE-8EF8-44C4-9DA7-4382C82DC6F8}.Debug|Any CPU.Build.0 = Debug|Any CPU
		{657D46EE-8EF8-44C4-9DA7-4382C82DC6F8}.Release|Any CPU.ActiveCfg = Release|Any CPU
		{657D46EE-8EF8-44C4-9DA7-4382C82DC6F8}.Release|Any CPU.Build.0 = Release|Any CPU
		{306B43AB-D960-47EB-9EFD-C38913744443}.Debug|Any CPU.ActiveCfg = Debug|Any CPU
		{306B43AB-D960-47EB-9EFD-C38913744443}.Debug|Any CPU.Build.0 = Debug|Any CPU
		{306B43AB-D960-47EB-9EFD-C38913744443}.Release|Any CPU.ActiveCfg = Release|Any CPU
		{306B43AB-D960-47EB-9EFD-C38913744443}.Release|Any CPU.Build.0 = Release|Any CPU
	EndGlobalSection
	GlobalSection(SolutionProperties) = preSolution
		HideSolutionNode = FALSE
	EndGlobalSection
	GlobalSection(NestedProjects) = preSolution
		{B96A685F-666A-4231-B940-88C41212C7D6} = {2BEC847B-FE6C-4198-9122-6A66C9BF2C80}
		{677EA071-442F-4450-811D-D387C58707DB} = {B96A685F-666A-4231-B940-88C41212C7D6}
		{EA2C817E-5403-4BFC-A934-8206F9FC2D3E} = {2BEC847B-FE6C-4198-9122-6A66C9BF2C80}
		{947E7B87-6B1C-46AA-AF6F-08B45CCDA4A7} = {EA2C817E-5403-4BFC-A934-8206F9FC2D3E}
		{C6A36401-7C45-4CC6-883A-21C85A344D39} = {947E7B87-6B1C-46AA-AF6F-08B45CCDA4A7}
		{F852D9E8-7E51-437C-BB6E-2191C3CBC919} = {947E7B87-6B1C-46AA-AF6F-08B45CCDA4A7}
		{B76C7BD0-D5CA-4A94-AE07-6B0DE6594728} = {677EA071-442F-4450-811D-D387C58707DB}
		{6D5E54E3-8953-4F5D-ABC9-52281B010E60} = {947E7B87-6B1C-46AA-AF6F-08B45CCDA4A7}
		{2D0449C1-7DD3-49AA-834F-6E916A00B3FD} = {677EA071-442F-4450-811D-D387C58707DB}
		{657D46EE-8EF8-44C4-9DA7-4382C82DC6F8} = {947E7B87-6B1C-46AA-AF6F-08B45CCDA4A7}
		{1398E7C7-39DA-4A7D-96B0-FDAECDA8CCAE} = {EA2C817E-5403-4BFC-A934-8206F9FC2D3E}
		{306B43AB-D960-47EB-9EFD-C38913744443} = {1398E7C7-39DA-4A7D-96B0-FDAECDA8CCAE}
	EndGlobalSection
	GlobalSection(ExtensibilityGlobals) = postSolution
		SolutionGuid = {D54C66FB-CF5B-4D41-A1BE-D5568AA959E6}
	EndGlobalSection
EndGlobal
